
Microsoft Visual Studio Solution File, Format Version 12.00
# Visual Studio 15
Project("{FAE04EC0-301F-11D3-BF4B-00C04F79EFBC}") = "Crossing the Road", "Crossing the Road.csproj", "{141DD1D7-2BC8-5BF6-D6D7-0BA2EF82364F}"
EndProject
Global
	GlobalSection(SolutionConfigurationPlatforms) = preSolution
		Debug|Any CPU = Debug|Any CPU
		Release|Any CPU = Release|Any CPU
	EndGlobalSection
	GlobalSection(ProjectConfigurationPlatforms) = postSolution
		{141DD1D7-2BC8-5BF6-D6D7-0BA2EF82364F}.Debug|Any CPU.ActiveCfg = Debug|Any CPU
		{141DD1D7-2BC8-5BF6-D6D7-0BA2EF82364F}.Debug|Any CPU.Build.0 = Debug|Any CPU
		{141DD1D7-2BC8-5BF6-D6D7-0BA2EF82364F}.Release|Any CPU.ActiveCfg = Release|Any CPU
		{141DD1D7-2BC8-5BF6-D6D7-0BA2EF82364F}.Release|Any CPU.Build.0 = Release|Any CPU
	EndGlobalSection
	GlobalSection(SolutionProperties) = preSolution
		HideSolutionNode = FALSE
	EndGlobalSection
EndGlobal
